// !$*UTF8*$!
{
	archiveVersion = 1;
	classes = {
	};
	objectVersion = 77;
	objects = {

/* Begin PBXContainerItemProxy section */
		434164612DECA73D00FCD5C8 /* PBXContainerItemProxy */ = {
			isa = PBXContainerItemProxy;
			containerPortal = 4341644B2DECA73800FCD5C8 /* Project object */;
			proxyType = 1;
			remoteGlobalIDString = 434164522DECA73800FCD5C8;
			remoteInfo = DemonSlayeriOS;
		};
		4341646B2DECA73D00FCD5C8 /* PBXContainerItemProxy */ = {
			isa = PBXContainerItemProxy;
			containerPortal = 4341644B2DECA73800FCD5C8 /* Project object */;
			proxyType = 1;
			remoteGlobalIDString = 434164522DECA73800FCD5C8;
			remoteInfo = DemonSlayeriOS;
		};
/* End PBXContainerItemProxy section */

/* Begin PBXFileReference section */
		434164532DECA73800FCD5C8 /* DemonSlayeriOS.app */ = {isa = PBXFileReference; explicitFileType = wrapper.application; includeInIndex = 0; path = DemonSlayeriOS.app; sourceTree = BUILT_PRODUCTS_DIR; };
		434164602DECA73D00FCD5C8 /* DemonSlayeriOSTests.xctest */ = {isa = PBXFileReference; explicitFileType = wrapper.cfbundle; includeInIndex = 0; path = DemonSlayeriOSTests.xctest; sourceTree = BUILT_PRODUCTS_DIR; };
		4341646A2DECA73D00FCD5C8 /* DemonSlayeriOSUITests.xctest */ = {isa = PBXFileReference; explicitFileType = wrapper.cfbundle; includeInIndex = 0; path = DemonSlayeriOSUITests.xctest; sourceTree = BUILT_PRODUCTS_DIR; };
/* End PBXFileReference section */

/* Begin PBXFileSystemSynchronizedRootGroup section */
		434164552DECA73800FCD5C8 /* DemonSlayeriOS */ = {
			isa = PBXFileSystemSynchronizedRootGroup;
			path = DemonSlayeriOS;
			sourceTree = "<group>";
		};
		434164632DECA73D00FCD5C8 /* DemonSlayeriOSTests */ = {
			isa = PBXFileSystemSynchronizedRootGroup;
			path = DemonSlayeriOSTests;
			sourceTree = "<group>";
		};
		4341646D2DECA73D00FCD5C8 /* DemonSlayeriOSUITests */ = {
			isa = PBXFileSystemSynchronizedRootGroup;
			path = DemonSlayeriOSUITests;
			sourceTree = "<group>";
		};
/* End PBXFileSystemSynchronizedRootGroup section */

/* Begin PBXFrameworksBuildPhase section */
		434164502DECA73800FCD5C8 /* Frameworks */ = {
			isa = PBXFrameworksBuildPhase;
			buildActionMask = 2147483647;
			files = (
			);
			runOnlyForDeploymentPostprocessing = 0;
		};
		4341645D2DECA73D00FCD5C8 /* Frameworks */ = {
			isa = PBXFrameworksBuildPhase;
			buildActionMask = 2147483647;
			files = (
			);
			runOnlyForDeploymentPostprocessing = 0;
		};
		434164672DECA73D00FCD5C8 /* Frameworks */ = {
			isa = PBXFrameworksBuildPhase;
			buildActionMask = 2147483647;
			files = (
			);
			runOnlyForDeploymentPostprocessing = 0;
		};
/* End PBXFrameworksBuildPhase section */

/* Begin PBXGroup section */
		4341644A2DECA73800FCD5C8 = {
			isa = PBXGroup;
			children = (
				434164552DECA73800FCD5C8 /* DemonSlayeriOS */,
				434164632DECA73D00FCD5C8 /* DemonSlayeriOSTests */,
				4341646D2DECA73D00FCD5C8 /* DemonSlayeriOSUITests */,
				434164542DECA73800FCD5C8 /* Products */,
			);
			sourceTree = "<group>";
		};
		434164542DECA73800FCD5C8 /* Products */ = {
			isa = PBXGroup;
			children = (
				434164532DECA73800FCD5C8 /* DemonSlayeriOS.app */,
				434164602DECA73D00FCD5C8 /* DemonSlayeriOSTests.xctest */,
				4341646A2DECA73D00FCD5C8 /* DemonSlayeriOSUITests.xctest */,
			);
			name = Products;
			sourceTree = "<group>";
		};
/* End PBXGroup section */

/* Begin PBXNativeTarget section */
		434164522DECA73800FCD5C8 /* DemonSlayeriOS */ = {
			isa = PBXNativeTarget;
			buildConfigurationList = 434164742DECA73D00FCD5C8 /* Build configuration list for PBXNativeTarget "DemonSlayeriOS" */;
			buildPhases = (
				4341644F2DECA73800FCD5C8 /* Sources */,
				434164502DECA73800FCD5C8 /* Frameworks */,
				434164512DECA73800FCD5C8 /* Resources */,
			);
			buildRules = (
			);
			dependencies = (
			);
			fileSystemSynchronizedGroups = (
				434164552DECA73800FCD5C8 /* DemonSlayeriOS */,
			);
			name = DemonSlayeriOS;
			packageProductDependencies = (
			);
			productName = DemonSlayeriOS;
			productReference = 434164532DECA73800FCD5C8 /* DemonSlayeriOS.app */;
			productType = "com.apple.product-type.application";
		};
		4341645F2DECA73D00FCD5C8 /* DemonSlayeriOSTests */ = {
			isa = PBXNativeTarget;
			buildConfigurationList = 434164772DECA73D00FCD5C8 /* Build configuration list for PBXNativeTarget "DemonSlayeriOSTests" */;
			buildPhases = (
				4341645C2DECA73D00FCD5C8 /* Sources */,
				4341645D2DECA73D00FCD5C8 /* Frameworks */,
				4341645E2DECA73D00FCD5C8 /* Resources */,
			);
			buildRules = (
			);
			dependencies = (
				434164622DECA73D00FCD5C8 /* PBXTargetDependency */,
			);
			fileSystemSynchronizedGroups = (
				434164632DECA73D00FCD5C8 /* DemonSlayeriOSTests */,
			);
			name = DemonSlayeriOSTests;
			packageProductDependencies = (
			);
			productName = DemonSlayeriOSTests;
			productReference = 434164602DECA73D00FCD5C8 /* DemonSlayeriOSTests.xctest */;
			productType = "com.apple.product-type.bundle.unit-test";
		};
		434164692DECA73D00FCD5C8 /* DemonSlayeriOSUITests */ = {
			isa = PBXNativeTarget;
			buildConfigurationList = 4341647A2DECA73D00FCD5C8 /* Build configuration list for PBXNativeTarget "DemonSlayeriOSUITests" */;
			buildPhases = (
				434164662DECA73D00FCD5C8 /* Sources */,
				434164672DECA73D00FCD5C8 /* Frameworks */,
				434164682DECA73D00FCD5C8 /* Resources */,
			);
			buildRules = (
			);
			dependencies = (
				4341646C2DECA73D00FCD5C8 /* PBXTargetDependency */,
			);
			fileSystemSynchronizedGroups = (
				4341646D2DECA73D00FCD5C8 /* DemonSlayeriOSUITests */,
			);
			name = DemonSlayeriOSUITests;
			packageProductDependencies = (
			);
			productName = DemonSlayeriOSUITests;
			productReference = 4341646A2DECA73D00FCD5C8 /* DemonSlayeriOSUITests.xctest */;
			productType = "com.apple.product-type.bundle.ui-testing";
		};
/* End PBXNativeTarget section */

/* Begin PBXProject section */
		4341644B2DECA73800FCD5C8 /* Project object */ = {
			isa = PBXProject;
			attributes = {
				BuildIndependentTargetsInParallel = 1;
				LastSwiftUpdateCheck = 1640;
				LastUpgradeCheck = 1640;
				TargetAttributes = {
					434164522DECA73800FCD5C8 = {
						CreatedOnToolsVersion = 16.4;
					};
					4341645F2DECA73D00FCD5C8 = {
						CreatedOnToolsVersion = 16.4;
						TestTargetID = 434164522DECA73800FCD5C8;
					};
					434164692DECA73D00FCD5C8 = {
						CreatedOnToolsVersion = 16.4;
						TestTargetID = 434164522DECA73800FCD5C8;
					};
				};
			};
			buildConfigurationList = 4341644E2DECA73800FCD5C8 /* Build configuration list for PBXProject "DemonSlayeriOS" */;
			developmentRegion = en;
			hasScannedForEncodings = 0;
			knownRegions = (
				en,
				Base,
			);
			mainGroup = 4341644A2DECA73800FCD5C8;
			minimizedProjectReferenceProxies = 1;
			preferredProjectObjectVersion = 77;
			productRefGroup = 434164542DECA73800FCD5C8 /* Products */;
			projectDirPath = "";
			projectRoot = "";
			targets = (
				434164522DECA73800FCD5C8 /* DemonSlayeriOS */,
				4341645F2DECA73D00FCD5C8 /* DemonSlayeriOSTests */,
				434164692DECA73D00FCD5C8 /* DemonSlayeriOSUITests */,
			);
		};
/* End PBXProject section */

/* Begin PBXResourcesBuildPhase section */
		434164512DECA73800FCD5C8 /* Resources */ = {
			isa = PBXResourcesBuildPhase;
			buildActionMask = 2147483647;
			files = (
			);
			runOnlyForDeploymentPostprocessing = 0;
		};
		4341645E2DECA73D00FCD5C8 /* Resources */ = {
			isa = PBXResourcesBuildPhase;
			buildActionMask = 2147483647;
			files = (
			);
			runOnlyForDeploymentPostprocessing = 0;
		};
		434164682DECA73D00FCD5C8 /* Resources */ = {
			isa = PBXResourcesBuildPhase;
			buildActionMask = 2147483647;
			files = (
			);
			runOnlyForDeploymentPostprocessing = 0;
		};
/* End PBXResourcesBuildPhase section */

/* Begin PBXSourcesBuildPhase section */
		4341644F2DECA73800FCD5C8 /* Sources */ = {
			isa = PBXSourcesBuildPhase;
			buildActionMask = 2147483647;
			files = (
			);
			runOnlyForDeploymentPostprocessing = 0;
		};
		4341645C2DECA73D00FCD5C8 /* Sources */ = {
			isa = PBXSourcesBuildPhase;
			buildActionMask = 2147483647;
			files = (
			);
			runOnlyForDeploymentPostprocessing = 0;
		};
		434164662DECA73D00FCD5C8 /* Sources */ = {
			isa = PBXSourcesBuildPhase;
			buildActionMask = 2147483647;
			files = (
			);
			runOnlyForDeploymentPostprocessing = 0;
		};
/* End PBXSourcesBuildPhase section */

/* Begin PBXTargetDependency section */
		434164622DECA73D00FCD5C8 /* PBXTargetDependency */ = {
			isa = PBXTargetDependency;
			target = 434164522DECA73800FCD5C8 /* DemonSlayeriOS */;
			targetProxy = 434164612DECA73D00FCD5C8 /* PBXContainerItemProxy */;
		};
		4341646C2DECA73D00FCD5C8 /* PBXTargetDependency */ = {
			isa = PBXTargetDependency;
			target = 434164522DECA73800FCD5C8 /* DemonSlayeriOS */;
			targetProxy = 4341646B2DECA73D00FCD5C8 /* PBXContainerItemProxy */;
		};
/* End PBXTargetDependency section */

/* Begin XCBuildConfiguration section */
		434164722DECA73D00FCD5C8 /* Debug */ = {
			isa = XCBuildConfiguration;
			buildSettings = {
				ALWAYS_SEARCH_USER_PATHS = NO;
				ASSETCATALOG_COMPILER_GENERATE_SWIFT_ASSET_SYMBOL_EXTENSIONS = YES;
				CLANG_ANALYZER_NONNULL = YES;
				CLANG_ANALYZER_NUMBER_OBJECT_CONVERSION = YES_AGGRESSIVE;
				CLANG_CXX_LANGUAGE_STANDARD = "gnu++20";
				CLANG_ENABLE_MODULES = YES;
				CLANG_ENABLE_OBJC_ARC = YES;
				CLANG_ENABLE_OBJC_WEAK = YES;
				CLANG_WARN_BLOCK_CAPTURE_AUTORELEASING = YES;
				CLANG_WARN_BOOL_CONVERSION = YES;
				CLANG_WARN_COMMA = YES;
				CLANG_WARN_CONSTANT_CONVERSION = YES;
				CLANG_WARN_DEPRECATED_OBJC_IMPLEMENTATIONS = YES;
				CLANG_WARN_DIRECT_OBJC_ISA_USAGE = YES_ERROR;
				CLANG_WARN_DOCUMENTATION_COMMENTS = YES;
				CLANG_WARN_EMPTY_BODY = YES;
				CLANG_WARN_ENUM_CONVERSION = YES;
				CLANG_WARN_INFINITE_RECURSION = YES;
				CLANG_WARN_INT_CONVERSION = YES;
				CLANG_WARN_NON_LITERAL_NULL_CONVERSION = YES;
				CLANG_WARN_OBJC_IMPLICIT_RETAIN_SELF = YES;
				CLANG_WARN_OBJC_LITERAL_CONVERSION = YES;
				CLANG_WARN_OBJC_ROOT_CLASS = YES_ERROR;
				CLANG_WARN_QUOTED_INCLUDE_IN_FRAMEWORK_HEADER = YES;
				CLANG_WARN_RANGE_LOOP_ANALYSIS = YES;
				CLANG_WARN_STRICT_PROTOTYPES = YES;
				CLANG_WARN_SUSPICIOUS_MOVE = YES;
				CLANG_WARN_UNGUARDED_AVAILABILITY = YES_AGGRESSIVE;
				CLANG_WARN_UNREACHABLE_CODE = YES;
				CLANG_WARN__DUPLICATE_METHOD_MATCH = YES;
				COPY_PHASE_STRIP = NO;
				DEBUG_INFORMATION_FORMAT = dwarf;
				ENABLE_STRICT_OBJC_MSGSEND = YES;
				ENABLE_TESTABILITY = YES;
				ENABLE_USER_SCRIPT_SANDBOXING = YES;
				GCC_C_LANGUAGE_STANDARD = gnu17;
				GCC_DYNAMIC_NO_PIC = NO;
				GCC_NO_COMMON_BLOCKS = YES;
				GCC_OPTIMIZATION_LEVEL = 0;
				GCC_PREPROCESSOR_DEFINITIONS = (
					"DEBUG=1",
					"$(inherited)",
				);
				GCC_WARN_64_TO_32_BIT_CONVERSION = YES;
				GCC_WARN_ABOUT_RETURN_TYPE = YES_ERROR;
				GCC_WARN_UNDECLARED_SELECTOR = YES;
				GCC_WARN_UNINITIALIZED_AUTOS = YES_AGGRESSIVE;
				GCC_WARN_UNUSED_FUNCTION = YES;
				GCC_WARN_UNUSED_VARIABLE = YES;
				IPHONEOS_DEPLOYMENT_TARGET = 18.5;
				LOCALIZATION_PREFERS_STRING_CATALOGS = YES;
				MTL_ENABLE_DEBUG_INFO = INCLUDE_SOURCE;
				MTL_FAST_MATH = YES;
				ONLY_ACTIVE_ARCH = YES;
				SDKROOT = iphoneos;
				SWIFT_ACTIVE_COMPILATION_CONDITIONS = "DEBUG $(inherited)";
				SWIFT_OPTIMIZATION_LEVEL = "-Onone";
			};
			name = Debug;
		};
		434164732DECA73D00FCD5C8 /* Release */ = {
			isa = XCBuildConfiguration;
			buildSettings = {
				ALWAYS_SEARCH_USER_PATHS = NO;
				ASSETCATALOG_COMPILER_GENERATE_SWIFT_ASSET_SYMBOL_EXTENSIONS = YES;
				CLANG_ANALYZER_NONNULL = YES;
				CLANG_ANALYZER_NUMBER_OBJECT_CONVERSION = YES_AGGRESSIVE;
				CLANG_CXX_LANGUAGE_STANDARD = "gnu++20";
				CLANG_ENABLE_MODULES = YES;
				CLANG_ENABLE_OBJC_ARC = YES;
				CLANG_ENABLE_OBJC_WEAK = YES;
				CLANG_WARN_BLOCK_CAPTURE_AUTORELEASING = YES;
				CLANG_WARN_BOOL_CONVERSION = YES;
				CLANG_WARN_COMMA = YES;
				CLANG_WARN_CONSTANT_CONVERSION = YES;
				CLANG_WARN_DEPRECATED_OBJC_IMPLEMENTATIONS = YES;
				CLANG_WARN_DIRECT_OBJC_ISA_USAGE = YES_ERROR;
				CLANG_WARN_DOCUMENTATION_COMMENTS = YES;
				CLANG_WARN_EMPTY_BODY = YES;
				CLANG_WARN_ENUM_CONVERSION = YES;
				CLANG_WARN_INFINITE_RECURSION = YES;
				CLANG_WARN_INT_CONVERSION = YES;
				CLANG_WARN_NON_LITERAL_NULL_CONVERSION = YES;
				CLANG_WARN_OBJC_IMPLICIT_RETAIN_SELF = YES;
				CLANG_WARN_OBJC_LITERAL_CONVERSION = YES;
				CLANG_WARN_OBJC_ROOT_CLASS = YES_ERROR;
				CLANG_WARN_QUOTED_INCLUDE_IN_FRAMEWORK_HEADER = YES;
				CLANG_WARN_RANGE_LOOP_ANALYSIS = YES;
				CLANG_WARN_STRICT_PROTOTYPES = YES;
				CLANG_WARN_SUSPICIOUS_MOVE = YES;
				CLANG_WARN_UNGUARDED_AVAILABILITY = YES_AGGRESSIVE;
				CLANG_WARN_UNREACHABLE_CODE = YES;
				CLANG_WARN__DUPLICATE_METHOD_MATCH = YES;
				COPY_PHASE_STRIP = NO;
				DEBUG_INFORMATION_FORMAT = "dwarf-with-dsym";
				ENABLE_NS_ASSERTIONS = NO;
				ENABLE_STRICT_OBJC_MSGSEND = YES;
				ENABLE_USER_SCRIPT_SANDBOXING = YES;
				GCC_C_LANGUAGE_STANDARD = gnu17;
				GCC_NO_COMMON_BLOCKS = YES;
				GCC_WARN_64_TO_32_BIT_CONVERSION = YES;
				GCC_WARN_ABOUT_RETURN_TYPE = YES_ERROR;
				GCC_WARN_UNDECLARED_SELECTOR = YES;
				GCC_WARN_UNINITIALIZED_AUTOS = YES_AGGRESSIVE;
				GCC_WARN_UNUSED_FUNCTION = YES;
				GCC_WARN_UNUSED_VARIABLE = YES;
				IPHONEOS_DEPLOYMENT_TARGET = 18.5;
				LOCALIZATION_PREFERS_STRING_CATALOGS = YES;
				MTL_ENABLE_DEBUG_INFO = NO;
				MTL_FAST_MATH = YES;
				SDKROOT = iphoneos;
				SWIFT_COMPILATION_MODE = wholemodule;
				VALIDATE_PRODUCT = YES;
			};
			name = Release;
		};
		434164752DECA73D00FCD5C8 /* Debug */ = {
			isa = XCBuildConfiguration;
			buildSettings = {
				ASSETCATALOG_COMPILER_APPICON_NAME = AppIcon;
				ASSETCATALOG_COMPILER_GLOBAL_ACCENT_COLOR_NAME = AccentColor;
				CODE_SIGN_STYLE = Automatic;
				CURRENT_PROJECT_VERSION = 1;
				ENABLE_PREVIEWS = YES;
				GENERATE_INFOPLIST_FILE = YES;
				INFOPLIST_KEY_UIApplicationSceneManifest_Generation = YES;
				INFOPLIST_KEY_UIApplicationSupportsIndirectInputEvents = YES;
				INFOPLIST_KEY_UILaunchScreen_Generation = YES;
				INFOPLIST_KEY_UISupportedInterfaceOrientations_iPad = "UIInterfaceOrientationPortrait UIInterfaceOrientationPortraitUpsideDown UIInterfaceOrientationLandscapeLeft UIInterfaceOrientationLandscapeRight";
				INFOPLIST_KEY_UISupportedInterfaceOrientations_iPhone = "UIInterfaceOrientationPortrait UIInterfaceOrientationLandscapeLeft UIInterfaceOrientationLandscapeRight";
				LD_RUNPATH_SEARCH_PATHS = (
					"$(inherited)",
					"@executable_path/Frameworks",
				);
				MARKETING_VERSION = 1.0;
				PRODUCT_BUNDLE_IDENTIFIER = com.adam.DemonSlayeriOS;
				PRODUCT_NAME = "$(TARGET_NAME)";
				SWIFT_EMIT_LOC_STRINGS = YES;
				SWIFT_VERSION = 5.0;
				TARGETED_DEVICE_FAMILY = "1,2";
			};
			name = Debug;
		};
		434164762DECA73D00FCD5C8 /* Release */ = {
			isa = XCBuildConfiguration;
			buildSettings = {
				ASSETCATALOG_COMPILER_APPICON_NAME = AppIcon;
				ASSETCATALOG_COMPILER_GLOBAL_ACCENT_COLOR_NAME = AccentColor;
				CODE_SIGN_STYLE = Automatic;
				CURRENT_PROJECT_VERSION = 1;
				ENABLE_PREVIEWS = YES;
				GENERATE_INFOPLIST_FILE = YES;
				INFOPLIST_KEY_UIApplicationSceneManifest_Generation = YES;
				INFOPLIST_KEY_UIApplicationSupportsIndirectInputEvents = YES;
				INFOPLIST_KEY_UILaunchScreen_Generation = YES;
				INFOPLIST_KEY_UISupportedInterfaceOrientations_iPad = "UIInterfaceOrientationPortrait UIInterfaceOrientationPortraitUpsideDown UIInterfaceOrientationLandscapeLeft UIInterfaceOrientationLandscapeRight";
				INFOPLIST_KEY_UISupportedInterfaceOrientations_iPhone = "UIInterfaceOrientationPortrait UIInterfaceOrientationLandscapeLeft UIInterfaceOrientationLandscapeRight";
				LD_RUNPATH_SEARCH_PATHS = (
					"$(inherited)",
					"@executable_path/Frameworks",
				);
				MARKETING_VERSION = 1.0;
				PRODUCT_BUNDLE_IDENTIFIER = com.adam.DemonSlayeriOS;
				PRODUCT_NAME = "$(TARGET_NAME)";
				SWIFT_EMIT_LOC_STRINGS = YES;
				SWIFT_VERSION = 5.0;
				TARGETED_DEVICE_FAMILY = "1,2";
			};
			name = Release;
		};
		434164782DECA73D00FCD5C8 /* Debug */ = {
			isa = XCBuildConfiguration;
			buildSettings = {
				BUNDLE_LOADER = "$(TEST_HOST)";
				CODE_SIGN_STYLE = Automatic;
				CURRENT_PROJECT_VERSION = 1;
				GENERATE_INFOPLIST_FILE = YES;
				IPHONEOS_DEPLOYMENT_TARGET = 18.5;
				MARKETING_VERSION = 1.0;
				PRODUCT_BUNDLE_IDENTIFIER = com.adam.DemonSlayeriOSTests;
				PRODUCT_NAME = "$(TARGET_NAME)";
				SWIFT_EMIT_LOC_STRINGS = NO;
				SWIFT_VERSION = 5.0;
				TARGETED_DEVICE_FAMILY = "1,2";
				TEST_HOST = "$(BUILT_PRODUCTS_DIR)/DemonSlayeriOS.app/$(BUNDLE_EXECUTABLE_FOLDER_PATH)/DemonSlayeriOS";
			};
			name = Debug;
		};
		434164792DECA73D00FCD5C8 /* Release */ = {
			isa = XCBuildConfiguration;
			buildSettings = {
				BUNDLE_LOADER = "$(TEST_HOST)";
				CODE_SIGN_STYLE = Automatic;
				CURRENT_PROJECT_VERSION = 1;
				GENERATE_INFOPLIST_FILE = YES;
				IPHONEOS_DEPLOYMENT_TARGET = 18.5;
				MARKETING_VERSION = 1.0;
				PRODUCT_BUNDLE_IDENTIFIER = com.adam.DemonSlayeriOSTests;
				PRODUCT_NAME = "$(TARGET_NAME)";
				SWIFT_EMIT_LOC_STRINGS = NO;
				SWIFT_VERSION = 5.0;
				TARGETED_DEVICE_FAMILY = "1,2";
				TEST_HOST = "$(BUILT_PRODUCTS_DIR)/DemonSlayeriOS.app/$(BUNDLE_EXECUTABLE_FOLDER_PATH)/DemonSlayeriOS";
			};
			name = Release;
		};
		4341647B2DECA73D00FCD5C8 /* Debug */ = {
			isa = XCBuildConfiguration;
			buildSettings = {
				CODE_SIGN_STYLE = Automatic;
				CURRENT_PROJECT_VERSION = 1;
				GENERATE_INFOPLIST_FILE = YES;
				MARKETING_VERSION = 1.0;
				PRODUCT_BUNDLE_IDENTIFIER = com.adam.DemonSlayeriOSUITests;
				PRODUCT_NAME = "$(TARGET_NAME)";
				SWIFT_EMIT_LOC_STRINGS = NO;
				SWIFT_VERSION = 5.0;
				TARGETED_DEVICE_FAMILY = "1,2";
				TEST_TARGET_NAME = DemonSlayeriOS;
			};
			name = Debug;
		};
		4341647C2DECA73D00FCD5C8 /* Release */ = {
			isa = XCBuildConfiguration;
			buildSettings = {
				CODE_SIGN_STYLE = Automatic;
				CURRENT_PROJECT_VERSION = 1;
				GENERATE_INFOPLIST_FILE = YES;
				MARKETING_VERSION = 1.0;
				PRODUCT_BUNDLE_IDENTIFIER = com.adam.DemonSlayeriOSUITests;
				PRODUCT_NAME = "$(TARGET_NAME)";
				SWIFT_EMIT_LOC_STRINGS = NO;
				SWIFT_VERSION = 5.0;
				TARGETED_DEVICE_FAMILY = "1,2";
				TEST_TARGET_NAME = DemonSlayeriOS;
			};
			name = Release;
		};
/* End XCBuildConfiguration section */

/* Begin XCConfigurationList section */
		4341644E2DECA73800FCD5C8 /* Build configuration list for PBXProject "DemonSlayeriOS" */ = {
			isa = XCConfigurationList;
			buildConfigurations = (
				434164722DECA73D00FCD5C8 /* Debug */,
				434164732DECA73D00FCD5C8 /* Release */,
			);
			defaultConfigurationIsVisible = 0;
			defaultConfigurationName = Release;
		};
		434164742DECA73D00FCD5C8 /* Build configuration list for PBXNativeTarget "DemonSlayeriOS" */ = {
			isa = XCConfigurationList;
			buildConfigurations = (
				434164752DECA73D00FCD5C8 /* Debug */,
				434164762DECA73D00FCD5C8 /* Release */,
			);
			defaultConfigurationIsVisible = 0;
			defaultConfigurationName = Release;
		};
		434164772DECA73D00FCD5C8 /* Build configuration list for PBXNativeTarget "DemonSlayeriOSTests" */ = {
			isa = XCConfigurationList;
			buildConfigurations = (
				434164782DECA73D00FCD5C8 /* Debug */,
				434164792DECA73D00FCD5C8 /* Release */,
			);
			defaultConfigurationIsVisible = 0;
			defaultConfigurationName = Release;
		};
		4341647A2DECA73D00FCD5C8 /* Build configuration list for PBXNativeTarget "DemonSlayeriOSUITests" */ = {
			isa = XCConfigurationList;
			buildConfigurations = (
				4341647B2DECA73D00FCD5C8 /* Debug */,
				4341647C2DECA73D00FCD5C8 /* Release */,
			);
			defaultConfigurationIsVisible = 0;
			defaultConfigurationName = Release;
		};
/* End XCConfigurationList section */
	};
	rootObject = 4341644B2DECA73800FCD5C8 /* Project object */;
}
